
Microsoft Visual Studio Solution File, Format Version 12.00
# Visual Studio Version 17
VisualStudioVersion = 17.14.36301.6
MinimumVisualStudioVersion = 10.0.40219.1
Project("{2150E333-8FDC-42A3-9474-1A3956D46DE8}") = "src", "src", "{02EA681E-C7D8-13C7-8484-4AC65E1B71E8}"
EndProject
Project("{2150E333-8FDC-42A3-9474-1A3956D46DE8}") = "Tests", "Tests", "{715134C1-5EF8-48E1-8178-8F42B4098AB7}"
EndProject
Project("{FAE04EC0-301F-11D3-BF4B-00C04F79EFBC}") = "AutoAnnouncement.Domain", "src\AutoAnnouncement.Domain\AutoAnnouncement.Domain.csproj", "{7B9A8A9A-06D6-4BC4-84B1-BE01F234C8E6}"
EndProject
Project("{FAE04EC0-301F-11D3-BF4B-00C04F79EFBC}") = "AutoAnnouncement.Aplication", "src\AutoAnnouncement.Aplication\AutoAnnouncement.Aplication.csproj", "{0061DBFA-AAD3-4785-9E73-4A8F8A6511A0}"
EndProject
Project("{FAE04EC0-301F-11D3-BF4B-00C04F79EFBC}") = "AutoAnnouncement.Infrastructura", "src\AutoAnnouncement.Infrastructura\AutoAnnouncement.Infrastructura.csproj", "{2FE87967-9FA5-4FE7-8DFB-8B6EFEEA0BE8}"
EndProject
Project("{FAE04EC0-301F-11D3-BF4B-00C04F79EFBC}") = "AutoAnnouncement.Server", "src\AutoAnnouncement.Server\AutoAnnouncement.Server.csproj", "{94F31FC4-A8DB-4C15-838F-BC9F0C993B4B}"
EndProject
Project("{FAE04EC0-301F-11D3-BF4B-00C04F79EFBC}") = "AutoAnnouncement.Core", "AutoAnnouncement.Core\AutoAnnouncement.Core.csproj", "{8092A9B1-E9AF-4E1F-9109-25C6DDBB103C}"
EndProject
Global
	GlobalSection(SolutionConfigurationPlatforms) = preSolution
		Debug|Any CPU = Debug|Any CPU
		Release|Any CPU = Release|Any CPU
	EndGlobalSection
	GlobalSection(ProjectConfigurationPlatforms) = postSolution
		{7B9A8A9A-06D6-4BC4-84B1-BE01F234C8E6}.Debug|Any CPU.ActiveCfg = Debug|Any CPU
		{7B9A8A9A-06D6-4BC4-84B1-BE01F234C8E6}.Debug|Any CPU.Build.0 = Debug|Any CPU
		{7B9A8A9A-06D6-4BC4-84B1-BE01F234C8E6}.Release|Any CPU.ActiveCfg = Release|Any CPU
		{7B9A8A9A-06D6-4BC4-84B1-BE01F234C8E6}.Release|Any CPU.Build.0 = Release|Any CPU
		{0061DBFA-AAD3-4785-9E73-4A8F8A6511A0}.Debug|Any CPU.ActiveCfg = Debug|Any CPU
		{0061DBFA-AAD3-4785-9E73-4A8F8A6511A0}.Debug|Any CPU.Build.0 = Debug|Any CPU
		{0061DBFA-AAD3-4785-9E73-4A8F8A6511A0}.Release|Any CPU.ActiveCfg = Release|Any CPU
		{0061DBFA-AAD3-4785-9E73-4A8F8A6511A0}.Release|Any CPU.Build.0 = Release|Any CPU
		{2FE87967-9FA5-4FE7-8DFB-8B6EFEEA0BE8}.Debug|Any CPU.ActiveCfg = Debug|Any CPU
		{2FE87967-9FA5-4FE7-8DFB-8B6EFEEA0BE8}.Debug|Any CPU.Build.0 = Debug|Any CPU
		{2FE87967-9FA5-4FE7-8DFB-8B6EFEEA0BE8}.Release|Any CPU.ActiveCfg = Release|Any CPU
		{2FE87967-9FA5-4FE7-8DFB-8B6EFEEA0BE8}.Release|Any CPU.Build.0 = Release|Any CPU
		{94F31FC4-A8DB-4C15-838F-BC9F0C993B4B}.Debug|Any CPU.ActiveCfg = Debug|Any CPU
		{94F31FC4-A8DB-4C15-838F-BC9F0C993B4B}.Debug|Any CPU.Build.0 = Debug|Any CPU
		{94F31FC4-A8DB-4C15-838F-BC9F0C993B4B}.Release|Any CPU.ActiveCfg = Release|Any CPU
		{94F31FC4-A8DB-4C15-838F-BC9F0C993B4B}.Release|Any CPU.Build.0 = Release|Any CPU
		{8092A9B1-E9AF-4E1F-9109-25C6DDBB103C}.Debug|Any CPU.ActiveCfg = Debug|Any CPU
		{8092A9B1-E9AF-4E1F-9109-25C6DDBB103C}.Debug|Any CPU.Build.0 = Debug|Any CPU
		{8092A9B1-E9AF-4E1F-9109-25C6DDBB103C}.Release|Any CPU.ActiveCfg = Release|Any CPU
		{8092A9B1-E9AF-4E1F-9109-25C6DDBB103C}.Release|Any CPU.Build.0 = Release|Any CPU
	EndGlobalSection
	GlobalSection(SolutionProperties) = preSolution
		HideSolutionNode = FALSE
	EndGlobalSection
	GlobalSection(NestedProjects) = preSolution
		{7B9A8A9A-06D6-4BC4-84B1-BE01F234C8E6} = {02EA681E-C7D8-13C7-8484-4AC65E1B71E8}
		{0061DBFA-AAD3-4785-9E73-4A8F8A6511A0} = {02EA681E-C7D8-13C7-8484-4AC65E1B71E8}
		{2FE87967-9FA5-4FE7-8DFB-8B6EFEEA0BE8} = {02EA681E-C7D8-13C7-8484-4AC65E1B71E8}
		{94F31FC4-A8DB-4C15-838F-BC9F0C993B4B} = {02EA681E-C7D8-13C7-8484-4AC65E1B71E8}
		{8092A9B1-E9AF-4E1F-9109-25C6DDBB103C} = {02EA681E-C7D8-13C7-8484-4AC65E1B71E8}
	EndGlobalSection
	GlobalSection(ExtensibilityGlobals) = postSolution
		SolutionGuid = {CCEA7A2F-BB82-4182-AC27-76635F31B633}
	EndGlobalSection
EndGlobal
